// !$*UTF8*$!
{
	archiveVersion = 1;
	classes = {
	};
	objectVersion = 50;
	objects = {

/* Begin PBXBuildFile section */
		083215B6230D792E003EBF2A /* TableViewController.swift in Sources */ = {isa = PBXBuildFile; fileRef = 083215B5230D792E003EBF2A /* TableViewController.swift */; };
		083215B8230D8B36003EBF2A /* NotesViewController.swift in Sources */ = {isa = PBXBuildFile; fileRef = 083215B7230D8B36003EBF2A /* NotesViewController.swift */; };
		D328F727230C340300511884 /* AppDelegate.swift in Sources */ = {isa = PBXBuildFile; fileRef = D328F726230C340300511884 /* AppDelegate.swift */; };
		D328F729230C340300511884 /* ViewController.swift in Sources */ = {isa = PBXBuildFile; fileRef = D328F728230C340300511884 /* ViewController.swift */; };
		D328F72C230C340300511884 /* Main.storyboard in Resources */ = {isa = PBXBuildFile; fileRef = D328F72A230C340300511884 /* Main.storyboard */; };
		D328F72F230C340300511884 /* TemanNetraProgram.xcdatamodeld in Sources */ = {isa = PBXBuildFile; fileRef = D328F72D230C340300511884 /* TemanNetraProgram.xcdatamodeld */; };
		D328F731230C340400511884 /* Assets.xcassets in Resources */ = {isa = PBXBuildFile; fileRef = D328F730230C340400511884 /* Assets.xcassets */; };
		D328F734230C340400511884 /* LaunchScreen.storyboard in Resources */ = {isa = PBXBuildFile; fileRef = D328F732230C340400511884 /* LaunchScreen.storyboard */; };
		D328F73E230C3D2400511884 /* OnBoardingViewController.swift in Sources */ = {isa = PBXBuildFile; fileRef = D328F73D230C3D2400511884 /* OnBoardingViewController.swift */; };
		D328F740230C42CF00511884 /* CameraViewController.swift in Sources */ = {isa = PBXBuildFile; fileRef = D328F73F230C42CF00511884 /* CameraViewController.swift */; };
/* End PBXBuildFile section */

/* Begin PBXFileReference section */
		083215B5230D792E003EBF2A /* TableViewController.swift */ = {isa = PBXFileReference; lastKnownFileType = sourcecode.swift; path = TableViewController.swift; sourceTree = "<group>"; };
		083215B7230D8B36003EBF2A /* NotesViewController.swift */ = {isa = PBXFileReference; lastKnownFileType = sourcecode.swift; path = NotesViewController.swift; sourceTree = "<group>"; };
		D328F723230C340300511884 /* TemanNetraProgram.app */ = {isa = PBXFileReference; explicitFileType = wrapper.application; includeInIndex = 0; path = TemanNetraProgram.app; sourceTree = BUILT_PRODUCTS_DIR; };
		D328F726230C340300511884 /* AppDelegate.swift */ = {isa = PBXFileReference; lastKnownFileType = sourcecode.swift; path = AppDelegate.swift; sourceTree = "<group>"; };
		D328F728230C340300511884 /* ViewController.swift */ = {isa = PBXFileReference; lastKnownFileType = sourcecode.swift; path = ViewController.swift; sourceTree = "<group>"; };
		D328F72B230C340300511884 /* Base */ = {isa = PBXFileReference; lastKnownFileType = file.storyboard; name = Base; path = Base.lproj/Main.storyboard; sourceTree = "<group>"; };
		D328F72E230C340300511884 /* TemanNetraProgram.xcdatamodel */ = {isa = PBXFileReference; lastKnownFileType = wrapper.xcdatamodel; path = TemanNetraProgram.xcdatamodel; sourceTree = "<group>"; };
		D328F730230C340400511884 /* Assets.xcassets */ = {isa = PBXFileReference; lastKnownFileType = folder.assetcatalog; path = Assets.xcassets; sourceTree = "<group>"; };
		D328F733230C340400511884 /* Base */ = {isa = PBXFileReference; lastKnownFileType = file.storyboard; name = Base; path = Base.lproj/LaunchScreen.storyboard; sourceTree = "<group>"; };
		D328F735230C340400511884 /* Info.plist */ = {isa = PBXFileReference; lastKnownFileType = text.plist.xml; path = Info.plist; sourceTree = "<group>"; };
		D328F73D230C3D2400511884 /* OnBoardingViewController.swift */ = {isa = PBXFileReference; lastKnownFileType = sourcecode.swift; path = OnBoardingViewController.swift; sourceTree = "<group>"; };
		D328F73F230C42CF00511884 /* CameraViewController.swift */ = {isa = PBXFileReference; lastKnownFileType = sourcecode.swift; path = CameraViewController.swift; sourceTree = "<group>"; };
/* End PBXFileReference section */

/* Begin PBXFrameworksBuildPhase section */
		D328F720230C340300511884 /* Frameworks */ = {
			isa = PBXFrameworksBuildPhase;
			buildActionMask = 2147483647;
			files = (
			);
			runOnlyForDeploymentPostprocessing = 0;
		};
/* End PBXFrameworksBuildPhase section */

/* Begin PBXGroup section */
		D328F71A230C340300511884 = {
			isa = PBXGroup;
			children = (
				D328F725230C340300511884 /* TemanNetraProgram */,
				D328F724230C340300511884 /* Products */,
			);
			sourceTree = "<group>";
		};
		D328F724230C340300511884 /* Products */ = {
			isa = PBXGroup;
			children = (
				D328F723230C340300511884 /* TemanNetraProgram.app */,
			);
			name = Products;
			sourceTree = "<group>";
		};
		D328F725230C340300511884 /* TemanNetraProgram */ = {
			isa = PBXGroup;
			children = (
				D328F726230C340300511884 /* AppDelegate.swift */,
				D328F728230C340300511884 /* ViewController.swift */,
				D328F73F230C42CF00511884 /* CameraViewController.swift */,
				D328F73D230C3D2400511884 /* OnBoardingViewController.swift */,
				D328F72A230C340300511884 /* Main.storyboard */,
				083215B5230D792E003EBF2A /* TableViewController.swift */,
				083215B7230D8B36003EBF2A /* NotesViewController.swift */,
				D328F730230C340400511884 /* Assets.xcassets */,
				D328F732230C340400511884 /* LaunchScreen.storyboard */,
				D328F735230C340400511884 /* Info.plist */,
				D328F72D230C340300511884 /* TemanNetraProgram.xcdatamodeld */,
			);
			path = TemanNetraProgram;
			sourceTree = "<group>";
		};
/* End PBXGroup section */

/* Begin PBXNativeTarget section */
		D328F722230C340300511884 /* TemanNetraProgram */ = {
			isa = PBXNativeTarget;
			buildConfigurationList = D328F738230C340400511884 /* Build configuration list for PBXNativeTarget "TemanNetraProgram" */;
			buildPhases = (
				D328F71F230C340300511884 /* Sources */,
				D328F720230C340300511884 /* Frameworks */,
				D328F721230C340300511884 /* Resources */,
			);
			buildRules = (
			);
			dependencies = (
			);
			name = TemanNetraProgram;
			productName = TemanNetraProgram;
			productReference = D328F723230C340300511884 /* TemanNetraProgram.app */;
			productType = "com.apple.product-type.application";
		};
/* End PBXNativeTarget section */

/* Begin PBXProject section */
		D328F71B230C340300511884 /* Project object */ = {
			isa = PBXProject;
			attributes = {
				LastSwiftUpdateCheck = 1030;
				LastUpgradeCheck = 1030;
				ORGANIZATIONNAME = "Georgius Yoga Dewantama";
				TargetAttributes = {
					D328F722230C340300511884 = {
						CreatedOnToolsVersion = 10.3;
					};
				};
			};
			buildConfigurationList = D328F71E230C340300511884 /* Build configuration list for PBXProject "TemanNetraProgram" */;
			compatibilityVersion = "Xcode 9.3";
			developmentRegion = en;
			hasScannedForEncodings = 0;
			knownRegions = (
				en,
				Base,
			);
			mainGroup = D328F71A230C340300511884;
			productRefGroup = D328F724230C340300511884 /* Products */;
			projectDirPath = "";
			projectRoot = "";
			targets = (
				D328F722230C340300511884 /* TemanNetraProgram */,
			);
		};
/* End PBXProject section */

/* Begin PBXResourcesBuildPhase section */
		D328F721230C340300511884 /* Resources */ = {
			isa = PBXResourcesBuildPhase;
			buildActionMask = 2147483647;
			files = (
				D328F734230C340400511884 /* LaunchScreen.storyboard in Resources */,
				D328F731230C340400511884 /* Assets.xcassets in Resources */,
				D328F72C230C340300511884 /* Main.storyboard in Resources */,
			);
			runOnlyForDeploymentPostprocessing = 0;
		};
/* End PBXResourcesBuildPhase section */

/* Begin PBXSourcesBuildPhase section */
		D328F71F230C340300511884 /* Sources */ = {
			isa = PBXSourcesBuildPhase;
			buildActionMask = 2147483647;
			files = (
				D328F72F230C340300511884 /* TemanNetraProgram.xcdatamodeld in Sources */,
				083215B6230D792E003EBF2A /* TableViewController.swift in Sources */,
				D328F740230C42CF00511884 /* CameraViewController.swift in Sources */,
				083215B8230D8B36003EBF2A /* NotesViewController.swift in Sources */,
				D328F729230C340300511884 /* ViewController.swift in Sources */,
				D328F727230C340300511884 /* AppDelegate.swift in Sources */,
				D328F73E230C3D2400511884 /* OnBoardingViewController.swift in Sources */,
			);
			runOnlyForDeploymentPostprocessing = 0;
		};
/* End PBXSourcesBuildPhase section */

/* Begin PBXVariantGroup section */
		D328F72A230C340300511884 /* Main.storyboard */ = {
			isa = PBXVariantGroup;
			children = (
				D328F72B230C340300511884 /* Base */,
			);
			name = Main.storyboard;
			sourceTree = "<group>";
		};
		D328F732230C340400511884 /* LaunchScreen.storyboard */ = {
			isa = PBXVariantGroup;
			children = (
				D328F733230C340400511884 /* Base */,
			);
			name = LaunchScreen.storyboard;
			sourceTree = "<group>";
		};
/* End PBXVariantGroup section */

/* Begin XCBuildConfiguration section */
		D328F736230C340400511884 /* Debug */ = {
			isa = XCBuildConfiguration;
			buildSettings = {
				ALWAYS_SEARCH_USER_PATHS = NO;
				CLANG_ANALYZER_NONNULL = YES;
				CLANG_ANALYZER_NUMBER_OBJECT_CONVERSION = YES_AGGRESSIVE;
				CLANG_CXX_LANGUAGE_STANDARD = "gnu++14";
				CLANG_CXX_LIBRARY = "libc++";
				CLANG_ENABLE_MODULES = YES;
				CLANG_ENABLE_OBJC_ARC = YES;
				CLANG_ENABLE_OBJC_WEAK = YES;
				CLANG_WARN_BLOCK_CAPTURE_AUTORELEASING = YES;
				CLANG_WARN_BOOL_CONVERSION = YES;
				CLANG_WARN_COMMA = YES;
				CLANG_WARN_CONSTANT_CONVERSION = YES;
				CLANG_WARN_DEPRECATED_OBJC_IMPLEMENTATIONS = YES;
				CLANG_WARN_DIRECT_OBJC_ISA_USAGE = YES_ERROR;
				CLANG_WARN_DOCUMENTATION_COMMENTS = YES;
				CLANG_WARN_EMPTY_BODY = YES;
				CLANG_WARN_ENUM_CONVERSION = YES;
				CLANG_WARN_INFINITE_RECURSION = YES;
				CLANG_WARN_INT_CONVERSION = YES;
				CLANG_WARN_NON_LITERAL_NULL_CONVERSION = YES;
				CLANG_WARN_OBJC_IMPLICIT_RETAIN_SELF = YES;
				CLANG_WARN_OBJC_LITERAL_CONVERSION = YES;
				CLANG_WARN_OBJC_ROOT_CLASS = YES_ERROR;
				CLANG_WARN_RANGE_LOOP_ANALYSIS = YES;
				CLANG_WARN_STRICT_PROTOTYPES = YES;
				CLANG_WARN_SUSPICIOUS_MOVE = YES;
				CLANG_WARN_UNGUARDED_AVAILABILITY = YES_AGGRESSIVE;
				CLANG_WARN_UNREACHABLE_CODE = YES;
				CLANG_WARN__DUPLICATE_METHOD_MATCH = YES;
				CODE_SIGN_IDENTITY = "iPhone Developer";
				COPY_PHASE_STRIP = NO;
				DEBUG_INFORMATION_FORMAT = dwarf;
				ENABLE_STRICT_OBJC_MSGSEND = YES;
				ENABLE_TESTABILITY = YES;
				GCC_C_LANGUAGE_STANDARD = gnu11;
				GCC_DYNAMIC_NO_PIC = NO;
				GCC_NO_COMMON_BLOCKS = YES;
				GCC_OPTIMIZATION_LEVEL = 0;
				GCC_PREPROCESSOR_DEFINITIONS = (
					"DEBUG=1",
					"$(inherited)",
				);
				GCC_WARN_64_TO_32_BIT_CONVERSION = YES;
				GCC_WARN_ABOUT_RETURN_TYPE = YES_ERROR;
				GCC_WARN_UNDECLARED_SELECTOR = YES;
				GCC_WARN_UNINITIALIZED_AUTOS = YES_AGGRESSIVE;
				GCC_WARN_UNUSED_FUNCTION = YES;
				GCC_WARN_UNUSED_VARIABLE = YES;
				IPHONEOS_DEPLOYMENT_TARGET = 12.4;
				MTL_ENABLE_DEBUG_INFO = INCLUDE_SOURCE;
				MTL_FAST_MATH = YES;
				ONLY_ACTIVE_ARCH = YES;
				SDKROOT = iphoneos;
				SWIFT_ACTIVE_COMPILATION_CONDITIONS = DEBUG;
				SWIFT_OPTIMIZATION_LEVEL = "-Onone";
			};
			name = Debug;
		};
		D328F737230C340400511884 /* Release */ = {
			isa = XCBuildConfiguration;
			buildSettings = {
				ALWAYS_SEARCH_USER_PATHS = NO;
				CLANG_ANALYZER_NONNULL = YES;
				CLANG_ANALYZER_NUMBER_OBJECT_CONVERSION = YES_AGGRESSIVE;
				CLANG_CXX_LANGUAGE_STANDARD = "gnu++14";
				CLANG_CXX_LIBRARY = "libc++";
				CLANG_ENABLE_MODULES = YES;
				CLANG_ENABLE_OBJC_ARC = YES;
				CLANG_ENABLE_OBJC_WEAK = YES;
				CLANG_WARN_BLOCK_CAPTURE_AUTORELEASING = YES;
				CLANG_WARN_BOOL_CONVERSION = YES;
				CLANG_WARN_COMMA = YES;
				CLANG_WARN_CONSTANT_CONVERSION = YES;
				CLANG_WARN_DEPRECATED_OBJC_IMPLEMENTATIONS = YES;
				CLANG_WARN_DIRECT_OBJC_ISA_USAGE = YES_ERROR;
				CLANG_WARN_DOCUMENTATION_COMMENTS = YES;
				CLANG_WARN_EMPTY_BODY = YES;
				CLANG_WARN_ENUM_CONVERSION = YES;
				CLANG_WARN_INFINITE_RECURSION = YES;
				CLANG_WARN_INT_CONVERSION = YES;
				CLANG_WARN_NON_LITERAL_NULL_CONVERSION = YES;
				CLANG_WARN_OBJC_IMPLICIT_RETAIN_SELF = YES;
				CLANG_WARN_OBJC_LITERAL_CONVERSION = YES;
				CLANG_WARN_OBJC_ROOT_CLASS = YES_ERROR;
				CLANG_WARN_RANGE_LOOP_ANALYSIS = YES;
				CLANG_WARN_STRICT_PROTOTYPES = YES;
				CLANG_WARN_SUSPICIOUS_MOVE = YES;
				CLANG_WARN_UNGUARDED_AVAILABILITY = YES_AGGRESSIVE;
				CLANG_WARN_UNREACHABLE_CODE = YES;
				CLANG_WARN__DUPLICATE_METHOD_MATCH = YES;
				CODE_SIGN_IDENTITY = "iPhone Developer";
				COPY_PHASE_STRIP = NO;
				DEBUG_INFORMATION_FORMAT = "dwarf-with-dsym";
				ENABLE_NS_ASSERTIONS = NO;
				ENABLE_STRICT_OBJC_MSGSEND = YES;
				GCC_C_LANGUAGE_STANDARD = gnu11;
				GCC_NO_COMMON_BLOCKS = YES;
				GCC_WARN_64_TO_32_BIT_CONVERSION = YES;
				GCC_WARN_ABOUT_RETURN_TYPE = YES_ERROR;
				GCC_WARN_UNDECLARED_SELECTOR = YES;
				GCC_WARN_UNINITIALIZED_AUTOS = YES_AGGRESSIVE;
				GCC_WARN_UNUSED_FUNCTION = YES;
				GCC_WARN_UNUSED_VARIABLE = YES;
				IPHONEOS_DEPLOYMENT_TARGET = 12.4;
				MTL_ENABLE_DEBUG_INFO = NO;
				MTL_FAST_MATH = YES;
				SDKROOT = iphoneos;
				SWIFT_COMPILATION_MODE = wholemodule;
				SWIFT_OPTIMIZATION_LEVEL = "-O";
				VALIDATE_PRODUCT = YES;
			};
			name = Release;
		};
		D328F739230C340400511884 /* Debug */ = {
			isa = XCBuildConfiguration;
			buildSettings = {
				ASSETCATALOG_COMPILER_APPICON_NAME = AppIcon;
				CODE_SIGN_STYLE = Automatic;
				DEVELOPMENT_TEAM = F63VRNN393;
				INFOPLIST_FILE = TemanNetraProgram/Info.plist;
				LD_RUNPATH_SEARCH_PATHS = (
					"$(inherited)",
					"@executable_path/Frameworks",
				);
				PRODUCT_BUNDLE_IDENTIFIER = com.geyogabase.TemanNetraProgram;
				PRODUCT_NAME = "$(TARGET_NAME)";
				SWIFT_VERSION = 5.0;
				TARGETED_DEVICE_FAMILY = 1;
			};
			name = Debug;
		};
		D328F73A230C340400511884 /* Release */ = {
			isa = XCBuildConfiguration;
			buildSettings = {
				ASSETCATALOG_COMPILER_APPICON_NAME = AppIcon;
				CODE_SIGN_STYLE = Automatic;
				DEVELOPMENT_TEAM = F63VRNN393;
				INFOPLIST_FILE = TemanNetraProgram/Info.plist;
				LD_RUNPATH_SEARCH_PATHS = (
					"$(inherited)",
					"@executable_path/Frameworks",
				);
				PRODUCT_BUNDLE_IDENTIFIER = com.geyogabase.TemanNetraProgram;
				PRODUCT_NAME = "$(TARGET_NAME)";
				SWIFT_VERSION = 5.0;
				TARGETED_DEVICE_FAMILY = 1;
			};
			name = Release;
		};
/* End XCBuildConfiguration section */

/* Begin XCConfigurationList section */
		D328F71E230C340300511884 /* Build configuration list for PBXProject "TemanNetraProgram" */ = {
			isa = XCConfigurationList;
			buildConfigurations = (
				D328F736230C340400511884 /* Debug */,
				D328F737230C340400511884 /* Release */,
			);
			defaultConfigurationIsVisible = 0;
			defaultConfigurationName = Release;
		};
		D328F738230C340400511884 /* Build configuration list for PBXNativeTarget "TemanNetraProgram" */ = {
			isa = XCConfigurationList;
			buildConfigurations = (
				D328F739230C340400511884 /* Debug */,
				D328F73A230C340400511884 /* Release */,
			);
			defaultConfigurationIsVisible = 0;
			defaultConfigurationName = Release;
		};
/* End XCConfigurationList section */

/* Begin XCVersionGroup section */
		D328F72D230C340300511884 /* TemanNetraProgram.xcdatamodeld */ = {
			isa = XCVersionGroup;
			children = (
				D328F72E230C340300511884 /* TemanNetraProgram.xcdatamodel */,
			);
			currentVersion = D328F72E230C340300511884 /* TemanNetraProgram.xcdatamodel */;
			path = TemanNetraProgram.xcdatamodeld;
			sourceTree = "<group>";
			versionGroupType = wrapper.xcdatamodel;
		};
/* End XCVersionGroup section */
	};
	rootObject = D328F71B230C340300511884 /* Project object */;
}
